
Microsoft Visual Studio Solution File, Format Version 12.00
# Visual Studio Version 16
VisualStudioVersion = 16.0.31313.79
MinimumVisualStudioVersion = 10.0.40219.1
Project("{9A19103F-16F7-4668-BE54-9A1E7A4F7556}") = "proje", "proje\proje.csproj", "{D1B38BFF-DD8B-46CA-A3FE-8ECA9C2FDB81}"
EndProject
Project("{2150E333-8FDC-42A3-9474-1A3956D46DE8}") = "Solution Items", "Solution Items", "{53059CB3-4EA5-4316-8183-12D0DB61B228}"
	ProjectSection(SolutionItems) = preProject
		.editorconfig = .editorconfig
	EndProjectSection
EndProject
Global
	GlobalSection(SolutionConfigurationPlatforms) = preSolution
		Debug|Any CPU = Debug|Any CPU
		Release|Any CPU = Release|Any CPU
	EndGlobalSection
	GlobalSection(ProjectConfigurationPlatforms) = postSolution
		{D1B38BFF-DD8B-46CA-A3FE-8ECA9C2FDB81}.Debug|Any CPU.ActiveCfg = Debug|Any CPU
		{D1B38BFF-DD8B-46CA-A3FE-8ECA9C2FDB81}.Debug|Any CPU.Build.0 = Debug|Any CPU
		{D1B38BFF-DD8B-46CA-A3FE-8ECA9C2FDB81}.Release|Any CPU.ActiveCfg = Release|Any CPU
		{D1B38BFF-DD8B-46CA-A3FE-8ECA9C2FDB81}.Release|Any CPU.Build.0 = Release|Any CPU
	EndGlobalSection
	GlobalSection(SolutionProperties) = preSolution
		HideSolutionNode = FALSE
	EndGlobalSection
	GlobalSection(ExtensibilityGlobals) = postSolution
		SolutionGuid = {703FFA83-A111-41A0-8053-1868788EE934}
	EndGlobalSection
EndGlobal
